{
    "version": 3,
    "terraform_version": "0.11.13",
    "serial": 5,
    "lineage": "250e18ce-eb28-584b-aea9-c95b1107b1f9",
    "modules": [
        {
            "path": [
                "root"
            ],
            "outputs": {},
            "resources": {
                "aws_codebuild_project.codebuild_test": {
                    "type": "aws_codebuild_project",
                    "depends_on": [
                        "aws_iam_role.iam_codebuild_role",
                        "aws_s3_bucket.default"
                    ],
                    "primary": {
                        "id": "arn:aws:codebuild:eu-central-1:896572298200:project/test-project",
                        "attributes": {
                            "arn": "arn:aws:codebuild:eu-central-1:896572298200:project/test-project",
                            "artifacts.#": "1",
                            "artifacts.1178773975.encryption_disabled": "false",
                            "artifacts.1178773975.location": "",
                            "artifacts.1178773975.name": "",
                            "artifacts.1178773975.namespace_type": "",
                            "artifacts.1178773975.packaging": "",
                            "artifacts.1178773975.path": "",
                            "artifacts.1178773975.type": "NO_ARTIFACTS",
                            "badge_enabled": "false",
                            "badge_url": "",
                            "build_timeout": "5",
                            "cache.#": "1",
                            "cache.0.location": "demo-cicd-python",
                            "cache.0.type": "S3",
                            "description": "test_codebuild_project",
                            "encryption_key": "arn:aws:kms:eu-central-1:896572298200:alias/aws/s3",
                            "environment.#": "1",
                            "environment.4263520379.certificate": "",
                            "environment.4263520379.compute_type": "BUILD_GENERAL1_SMALL",
                            "environment.4263520379.environment_variable.#": "1",
                            "environment.4263520379.environment_variable.0.name": "SOME_KEY1",
                            "environment.4263520379.environment_variable.0.type": "PLAINTEXT",
                            "environment.4263520379.environment_variable.0.value": "SOME_VALUE1",
                            "environment.4263520379.image": "aws/codebuild/python:3.7.1-1.7.0",
                            "environment.4263520379.image_pull_credentials_type": "CODEBUILD",
                            "environment.4263520379.privileged_mode": "false",
                            "environment.4263520379.type": "LINUX_CONTAINER",
                            "id": "arn:aws:codebuild:eu-central-1:896572298200:project/test-project",
                            "name": "test-project",
                            "secondary_artifacts.#": "0",
                            "secondary_sources.#": "0",
                            "service_role": "arn:aws:iam::896572298200:role/iam_codebuild_role",
                            "source.#": "1",
                            "source.3983155499.auth.#": "0",
                            "source.3983155499.buildspec": "example/src/buildspec.yml",
                            "source.3983155499.git_clone_depth": "1",
                            "source.3983155499.insecure_ssl": "false",
                            "source.3983155499.location": "https://github.com/duy0611/python-cicd-terraform.git",
                            "source.3983155499.report_build_status": "false",
                            "source.3983155499.type": "GITHUB",
                            "tags.%": "1",
                            "tags.Environment": "Test",
                            "vpc_config.#": "0"
                        },
                        "meta": {},
                        "tainted": false
                    },
                    "deposed": [],
                    "provider": "provider.aws"
                },
                "aws_iam_role.iam_codebuild_role": {
                    "type": "aws_iam_role",
                    "depends_on": [],
                    "primary": {
                        "id": "iam_codebuild_role",
                        "attributes": {
                            "arn": "arn:aws:iam::896572298200:role/iam_codebuild_role",
                            "assume_role_policy": "{\"Version\":\"2012-10-17\",\"Statement\":[{\"Effect\":\"Allow\",\"Principal\":{\"Service\":\"codebuild.amazonaws.com\"},\"Action\":\"sts:AssumeRole\"}]}",
                            "create_date": "2019-04-26T06:34:29Z",
                            "description": "",
                            "force_detach_policies": "false",
                            "id": "iam_codebuild_role",
                            "max_session_duration": "3600",
                            "name": "iam_codebuild_role",
                            "path": "/",
                            "tags.%": "0",
                            "unique_id": "AROA5BP67SPMHKUWPFRUK"
                        },
                        "meta": {},
                        "tainted": false
                    },
                    "deposed": [],
                    "provider": "provider.aws"
                },
                "aws_iam_role_policy.iam_codebuild_policy": {
                    "type": "aws_iam_role_policy",
                    "depends_on": [
                        "aws_iam_role.iam_codebuild_role",
                        "aws_s3_bucket.default"
                    ],
                    "primary": {
                        "id": "iam_codebuild_role:iam_codebuild_policy",
                        "attributes": {
                            "id": "iam_codebuild_role:iam_codebuild_policy",
                            "name": "iam_codebuild_policy",
                            "policy": "{\n  \"Version\": \"2012-10-17\",\n  \"Statement\": [\n    {\n      \"Effect\": \"Allow\",\n      \"Resource\": [\n        \"*\"\n      ],\n      \"Action\": [\n        \"logs:CreateLogGroup\",\n        \"logs:CreateLogStream\",\n        \"logs:PutLogEvents\"\n      ]\n    },\n    {\n      \"Effect\": \"Allow\",\n      \"Action\": [\n        \"ec2:CreateNetworkInterface\",\n        \"ec2:DescribeDhcpOptions\",\n        \"ec2:DescribeNetworkInterfaces\",\n        \"ec2:DeleteNetworkInterface\",\n        \"ec2:DescribeSubnets\",\n        \"ec2:DescribeSecurityGroups\",\n        \"ec2:DescribeVpcs\"\n      ],\n      \"Resource\": \"*\"\n    },\n    {\n      \"Effect\": \"Allow\",\n      \"Action\": [\n        \"s3:*\"\n      ],\n      \"Resource\": [\n        \"arn:aws:s3:::demo-cicd-python\",\n        \"arn:aws:s3:::demo-cicd-python/*\"\n      ]\n    }\n  ]\n}\n",
                            "role": "iam_codebuild_role"
                        },
                        "meta": {},
                        "tainted": false
                    },
                    "deposed": [],
                    "provider": "provider.aws"
                },
                "aws_s3_bucket.default": {
                    "type": "aws_s3_bucket",
                    "depends_on": [],
                    "primary": {
                        "id": "demo-cicd-python",
                        "attributes": {
                            "acceleration_status": "",
                            "acl": "private",
                            "arn": "arn:aws:s3:::demo-cicd-python",
                            "bucket": "demo-cicd-python",
                            "bucket_domain_name": "demo-cicd-python.s3.amazonaws.com",
                            "bucket_regional_domain_name": "demo-cicd-python.s3.eu-central-1.amazonaws.com",
                            "cors_rule.#": "0",
                            "force_destroy": "false",
                            "hosted_zone_id": "Z21DNDUVLTQW6Q",
                            "id": "demo-cicd-python",
                            "lifecycle_rule.#": "0",
                            "logging.#": "0",
                            "object_lock_configuration.#": "0",
                            "region": "eu-central-1",
                            "replication_configuration.#": "0",
                            "request_payer": "BucketOwner",
                            "server_side_encryption_configuration.#": "0",
                            "tags.%": "0",
                            "versioning.#": "1",
                            "versioning.0.enabled": "false",
                            "versioning.0.mfa_delete": "false",
                            "website.#": "0"
                        },
                        "meta": {},
                        "tainted": false
                    },
                    "deposed": [],
                    "provider": "provider.aws"
                }
            },
            "depends_on": []
        }
    ]
}
