{
    "version": 3,
    "terraform_version": "0.11.13",
    "serial": 4,
    "lineage": "250e18ce-eb28-584b-aea9-c95b1107b1f9",
    "modules": [
        {
            "path": [
                "root"
            ],
            "outputs": {},
            "resources": {
                "aws_iam_role.iam_codebuild_role": {
                    "type": "aws_iam_role",
                    "depends_on": [],
                    "primary": {
                        "id": "iam_codebuild_role",
                        "attributes": {
                            "arn": "arn:aws:iam::896572298200:role/iam_codebuild_role",
                            "assume_role_policy": "{\"Version\":\"2012-10-17\",\"Statement\":[{\"Effect\":\"Allow\",\"Principal\":{\"Service\":\"codebuild.amazonaws.com\"},\"Action\":\"sts:AssumeRole\"}]}",
                            "create_date": "2019-04-26T06:34:29Z",
                            "description": "",
                            "force_detach_policies": "false",
                            "id": "iam_codebuild_role",
                            "max_session_duration": "3600",
                            "name": "iam_codebuild_role",
                            "path": "/",
                            "tags.%": "0",
                            "unique_id": "AROA5BP67SPMHKUWPFRUK"
                        },
                        "meta": {},
                        "tainted": false
                    },
                    "deposed": [],
                    "provider": "provider.aws"
                }
            },
            "depends_on": []
        }
    ]
}
